
Microsoft Visual Studio Solution File, Format Version 12.00
# Visual Studio Version 17
VisualStudioVersion = 17.6.33829.357
MinimumVisualStudioVersion = 10.0.40219.1
Project("{FAE04EC0-301F-11D3-BF4B-00C04F79EFBC}") = "MMHelloWorldGitHub", "MMHelloWorldGitHub\MMHelloWorldGitHub.csproj", "{BFF26E54-0D57-40E1-9063-A453BA26C0DE}"
EndProject
Global
	GlobalSection(SolutionConfigurationPlatforms) = preSolution
		Debug|Any CPU = Debug|Any CPU
		Release|Any CPU = Release|Any CPU
	EndGlobalSection
	GlobalSection(ProjectConfigurationPlatforms) = postSolution
		{BFF26E54-0D57-40E1-9063-A453BA26C0DE}.Debug|Any CPU.ActiveCfg = Debug|Any CPU
		{BFF26E54-0D57-40E1-9063-A453BA26C0DE}.Debug|Any CPU.Build.0 = Debug|Any CPU
		{BFF26E54-0D57-40E1-9063-A453BA26C0DE}.Release|Any CPU.ActiveCfg = Release|Any CPU
		{BFF26E54-0D57-40E1-9063-A453BA26C0DE}.Release|Any CPU.Build.0 = Release|Any CPU
	EndGlobalSection
	GlobalSection(SolutionProperties) = preSolution
		HideSolutionNode = FALSE
	EndGlobalSection
	GlobalSection(ExtensibilityGlobals) = postSolution
		SolutionGuid = {A9C4458C-C591-4487-BA95-E8EA31FB6B46}
	EndGlobalSection
EndGlobal
